
Microsoft Visual Studio Solution File, Format Version 12.00
# Visual Studio 14
VisualStudioVersion = 14.0.25420.1
MinimumVisualStudioVersion = 10.0.40219.1
Project("{FAE04EC0-301F-11D3-BF4B-00C04F79EFBC}") = "az", "az.csproj", "{2E350D5D-8132-4B65-9590-413916242165}"
EndProject
Project("{FAE04EC0-301F-11D3-BF4B-00C04F79EFBC}") = "searchbar", "..\searchbar\searchbar.csproj", "{17BC4A6D-F5D7-4BEC-BB0F-D40236E3223B}"
EndProject
Global
	GlobalSection(SolutionConfigurationPlatforms) = preSolution
		Debug|Any CPU = Debug|Any CPU
		Release|Any CPU = Release|Any CPU
	EndGlobalSection
	GlobalSection(ProjectConfigurationPlatforms) = postSolution
		{2E350D5D-8132-4B65-9590-413916242165}.Debug|Any CPU.ActiveCfg = Debug|Any CPU
		{2E350D5D-8132-4B65-9590-413916242165}.Debug|Any CPU.Build.0 = Debug|Any CPU
		{2E350D5D-8132-4B65-9590-413916242165}.Release|Any CPU.ActiveCfg = Release|Any CPU
		{2E350D5D-8132-4B65-9590-413916242165}.Release|Any CPU.Build.0 = Release|Any CPU
		{17BC4A6D-F5D7-4BEC-BB0F-D40236E3223B}.Debug|Any CPU.ActiveCfg = Debug|Any CPU
		{17BC4A6D-F5D7-4BEC-BB0F-D40236E3223B}.Debug|Any CPU.Build.0 = Debug|Any CPU
		{17BC4A6D-F5D7-4BEC-BB0F-D40236E3223B}.Release|Any CPU.ActiveCfg = Release|Any CPU
		{17BC4A6D-F5D7-4BEC-BB0F-D40236E3223B}.Release|Any CPU.Build.0 = Release|Any CPU
	EndGlobalSection
	GlobalSection(SolutionProperties) = preSolution
		HideSolutionNode = FALSE
	EndGlobalSection
EndGlobal
